// !$*UTF8*$!
{
	archiveVersion = 1;
	classes = {
	};
	objectVersion = 77;
	objects = {

/* Begin PBXBuildFile section */
		3F34A8AE2F2CA06D0090F983 /* WidgetKit.framework in Frameworks */ = {isa = PBXBuildFile; fileRef = 3F34A8AD2F2CA06D0090F983 /* WidgetKit.framework */; };
		3F34A8B02F2CA06D0090F983 /* SwiftUI.framework in Frameworks */ = {isa = PBXBuildFile; fileRef = 3F34A8AF2F2CA06D0090F983 /* SwiftUI.framework */; };
		3F34A8BD2F2CA06E0090F983 /* GymTrackProWidgetsExtension.appex in Embed Foundation Extensions */ = {isa = PBXBuildFile; fileRef = 3F34A8AB2F2CA06D0090F983 /* GymTrackProWidgetsExtension.appex */; settings = {ATTRIBUTES = (RemoveHeadersOnCopy, ); }; };
		3F34B51C2F31F9410090F983 /* WatchMessageTypes.swift in Sources */ = {isa = PBXBuildFile; fileRef = 3F34B5362F31FCAD0090F983 /* WatchMessageTypes.swift */; };
		3F34B51D2F31F9420090F983 /* WorkoutSyncDTO.swift in Sources */ = {isa = PBXBuildFile; fileRef = 3F34B5372F31FCAD0090F983 /* WorkoutSyncDTO.swift */; };
		3F34B51E2F31F9430090F983 /* WatchMessageTypes.swift in Sources */ = {isa = PBXBuildFile; fileRef = 3F34B5362F31FCAD0090F983 /* WatchMessageTypes.swift */; };
		3F34B51F2F31F9440090F983 /* WorkoutSyncDTO.swift in Sources */ = {isa = PBXBuildFile; fileRef = 3F34B5372F31FCAD0090F983 /* WorkoutSyncDTO.swift */; };
/* End PBXBuildFile section */

/* Begin PBXContainerItemProxy section */
		3F34A8BB2F2CA06E0090F983 /* PBXContainerItemProxy */ = {
			isa = PBXContainerItemProxy;
			containerPortal = 3F34A67D2F292DE10090F983 /* Project object */;
			proxyType = 1;
			remoteGlobalIDString = 3F34A8AA2F2CA06D0090F983;
			remoteInfo = GymTrackProWidgetsExtension;
		};
/* End PBXContainerItemProxy section */

/* Begin PBXCopyFilesBuildPhase section */
		3F34A8BE2F2CA06E0090F983 /* Embed Foundation Extensions */ = {
			isa = PBXCopyFilesBuildPhase;
			buildActionMask = 2147483647;
			dstPath = "";
			dstSubfolderSpec = 13;
			files = (
				3F34A8BD2F2CA06E0090F983 /* GymTrackProWidgetsExtension.appex in Embed Foundation Extensions */,
			);
			name = "Embed Foundation Extensions";
			runOnlyForDeploymentPostprocessing = 0;
		};
		3F34B5172F31F93F0090F983 /* Embed Watch Content */ = {
			isa = PBXCopyFilesBuildPhase;
			buildActionMask = 2147483647;
			dstPath = "$(CONTENTS_FOLDER_PATH)/Watch";
			dstSubfolderSpec = 16;
			files = (
			);
			name = "Embed Watch Content";
			runOnlyForDeploymentPostprocessing = 0;
		};
/* End PBXCopyFilesBuildPhase section */

/* Begin PBXFileReference section */
		3F34A6852F292DE10090F983 /* gymtrackpromax.app */ = {isa = PBXFileReference; explicitFileType = wrapper.application; includeInIndex = 0; path = gymtrackpromax.app; sourceTree = BUILT_PRODUCTS_DIR; };
		3F34A8AB2F2CA06D0090F983 /* GymTrackProWidgetsExtension.appex */ = {isa = PBXFileReference; explicitFileType = "wrapper.app-extension"; includeInIndex = 0; path = GymTrackProWidgetsExtension.appex; sourceTree = BUILT_PRODUCTS_DIR; };
		3F34A8AD2F2CA06D0090F983 /* WidgetKit.framework */ = {isa = PBXFileReference; lastKnownFileType = wrapper.framework; name = WidgetKit.framework; path = System/Library/Frameworks/WidgetKit.framework; sourceTree = SDKROOT; };
		3F34A8AF2F2CA06D0090F983 /* SwiftUI.framework */ = {isa = PBXFileReference; lastKnownFileType = wrapper.framework; name = SwiftUI.framework; path = System/Library/Frameworks/SwiftUI.framework; sourceTree = SDKROOT; };
		3F34A8DD2F2CA17A0090F983 /* GymTrackProWidgetsExtension.entitlements */ = {isa = PBXFileReference; lastKnownFileType = text.plist.entitlements; path = GymTrackProWidgetsExtension.entitlements; sourceTree = "<group>"; };
		3F34B5042F31F93E0090F983 /* GymTrackProWatch.app */ = {isa = PBXFileReference; explicitFileType = wrapper.application; includeInIndex = 0; path = GymTrackProWatch.app; sourceTree = BUILT_PRODUCTS_DIR; };
		3F34B5362F31FCAD0090F983 /* WatchMessageTypes.swift */ = {isa = PBXFileReference; lastKnownFileType = sourcecode.swift; path = WatchMessageTypes.swift; sourceTree = "<group>"; };
		3F34B5372F31FCAD0090F983 /* WorkoutSyncDTO.swift */ = {isa = PBXFileReference; lastKnownFileType = sourcecode.swift; path = WorkoutSyncDTO.swift; sourceTree = "<group>"; };
/* End PBXFileReference section */

/* Begin PBXFileSystemSynchronizedBuildFileExceptionSet section */
		3F34A8C12F2CA06E0090F983 /* Exceptions for "GymTrackProWidgets" folder in "GymTrackProWidgetsExtension" target */ = {
			isa = PBXFileSystemSynchronizedBuildFileExceptionSet;
			membershipExceptions = (
				Info.plist,
			);
			target = 3F34A8AA2F2CA06D0090F983 /* GymTrackProWidgetsExtension */;
		};
		3F34A8DF2F2CA2920090F983 /* Exceptions for "gymtrackpromax" folder in "GymTrackProWidgetsExtension" target */ = {
			isa = PBXFileSystemSynchronizedBuildFileExceptionSet;
			membershipExceptions = (
				Models/Enums/Equipment.swift,
				Models/Enums/ExerciseType.swift,
				Models/Enums/ExperienceLevel.swift,
				Models/Enums/FitnessGoal.swift,
				Models/Enums/MuscleGroup.swift,
				Models/Enums/SplitType.swift,
				Models/Enums/WeekStartDay.swift,
				Models/Enums/WeightUnit.swift,
				Models/Exercise.swift,
				Models/ExerciseLog.swift,
				Models/PlannedExercise.swift,
				Models/SetLog.swift,
				Models/User.swift,
				Models/WorkoutDay.swift,
				Models/WorkoutSession.swift,
				Models/WorkoutSplit.swift,
				Services/SharedModelContainer.swift,
				Utilities/Constants.swift,
				"Utilities/Extensions/Color+Theme.swift",
				Views/Onboarding/Components/DayToggleButton.swift,
			);
			target = 3F34A8AA2F2CA06D0090F983 /* GymTrackProWidgetsExtension */;
		};
		3F34A8E02F2CB0000090F983 /* Exceptions for "GymTrackProWidgets" folder in "gymtrackpromax" target */ = {
			isa = PBXFileSystemSynchronizedBuildFileExceptionSet;
			membershipExceptions = (
				LiveActivity/WorkoutActivityAttributes.swift,
			);
			target = 3F34A6842F292DE10090F983 /* gymtrackpromax */;
		};
/* End PBXFileSystemSynchronizedBuildFileExceptionSet section */

/* Begin PBXFileSystemSynchronizedRootGroup section */
		3F34A6872F292DE10090F983 /* gymtrackpromax */ = {
			isa = PBXFileSystemSynchronizedRootGroup;
			exceptions = (
				3F34A8DF2F2CA2920090F983 /* Exceptions for "gymtrackpromax" folder in "GymTrackProWidgetsExtension" target */,
			);
			path = gymtrackpromax;
			sourceTree = "<group>";
		};
		3F34A8B12F2CA06D0090F983 /* GymTrackProWidgets */ = {
			isa = PBXFileSystemSynchronizedRootGroup;
			exceptions = (
				3F34A8E02F2CB0000090F983 /* Exceptions for "GymTrackProWidgets" folder in "gymtrackpromax" target */,
				3F34A8C12F2CA06E0090F983 /* Exceptions for "GymTrackProWidgets" folder in "GymTrackProWidgetsExtension" target */,
			);
			path = GymTrackProWidgets;
			sourceTree = "<group>";
		};
		3F34B50D2F31F93E0090F983 /* GymTrackProWatch */ = {
			isa = PBXFileSystemSynchronizedRootGroup;
			path = GymTrackProWatch;
			sourceTree = "<group>";
		};
/* End PBXFileSystemSynchronizedRootGroup section */

/* Begin PBXFrameworksBuildPhase section */
		3F34A6822F292DE10090F983 /* Frameworks */ = {
			isa = PBXFrameworksBuildPhase;
			buildActionMask = 2147483647;
			files = (
			);
			runOnlyForDeploymentPostprocessing = 0;
		};
		3F34A8A82F2CA06D0090F983 /* Frameworks */ = {
			isa = PBXFrameworksBuildPhase;
			buildActionMask = 2147483647;
			files = (
				3F34A8B02F2CA06D0090F983 /* SwiftUI.framework in Frameworks */,
				3F34A8AE2F2CA06D0090F983 /* WidgetKit.framework in Frameworks */,
			);
			runOnlyForDeploymentPostprocessing = 0;
		};
/* End PBXFrameworksBuildPhase section */

/* Begin PBXGroup section */
		3F34A67C2F292DE10090F983 = {
			isa = PBXGroup;
			children = (
				3F34A8DD2F2CA17A0090F983 /* GymTrackProWidgetsExtension.entitlements */,
				3F34A6872F292DE10090F983 /* gymtrackpromax */,
				3F34A8B12F2CA06D0090F983 /* GymTrackProWidgets */,
				3F34B50D2F31F93E0090F983 /* GymTrackProWatch */,
				3F34A8AC2F2CA06D0090F983 /* Frameworks */,
				3F34A6862F292DE10090F983 /* Products */,
				3F34B5382F31FCAD0090F983 /* Shared */,
			);
			sourceTree = "<group>";
		};
		3F34A6862F292DE10090F983 /* Products */ = {
			isa = PBXGroup;
			children = (
				3F34A6852F292DE10090F983 /* gymtrackpromax.app */,
				3F34A8AB2F2CA06D0090F983 /* GymTrackProWidgetsExtension.appex */,
				3F34B5042F31F93E0090F983 /* GymTrackProWatch.app */,
			);
			name = Products;
			sourceTree = "<group>";
		};
		3F34A8AC2F2CA06D0090F983 /* Frameworks */ = {
			isa = PBXGroup;
			children = (
				3F34A8AD2F2CA06D0090F983 /* WidgetKit.framework */,
				3F34A8AF2F2CA06D0090F983 /* SwiftUI.framework */,
			);
			name = Frameworks;
			sourceTree = "<group>";
		};
		3F34B5382F31FCAD0090F983 /* Shared */ = {
			isa = PBXGroup;
			children = (
				3F34B5362F31FCAD0090F983 /* WatchMessageTypes.swift */,
				3F34B5372F31FCAD0090F983 /* WorkoutSyncDTO.swift */,
			);
			path = Shared;
			sourceTree = "<group>";
		};
/* End PBXGroup section */

/* Begin PBXNativeTarget section */
		3F34A6842F292DE10090F983 /* gymtrackpromax */ = {
			isa = PBXNativeTarget;
			buildConfigurationList = 3F34A6902F292DE20090F983 /* Build configuration list for PBXNativeTarget "gymtrackpromax" */;
			buildPhases = (
				3F34A6812F292DE10090F983 /* Sources */,
				3F34A6822F292DE10090F983 /* Frameworks */,
				3F34A6832F292DE10090F983 /* Resources */,
				3F34A8BE2F2CA06E0090F983 /* Embed Foundation Extensions */,
			);
			buildRules = (
			);
			dependencies = (
				3F34A8BC2F2CA06E0090F983 /* PBXTargetDependency */,
			);
			fileSystemSynchronizedGroups = (
				3F34A6872F292DE10090F983 /* gymtrackpromax */,
			);
			name = gymtrackpromax;
			packageProductDependencies = (
			);
			productName = gymtrackpromax;
			productReference = 3F34A6852F292DE10090F983 /* gymtrackpromax.app */;
			productType = "com.apple.product-type.application";
		};
		3F34A8AA2F2CA06D0090F983 /* GymTrackProWidgetsExtension */ = {
			isa = PBXNativeTarget;
			buildConfigurationList = 3F34A8C22F2CA06E0090F983 /* Build configuration list for PBXNativeTarget "GymTrackProWidgetsExtension" */;
			buildPhases = (
				3F34A8A72F2CA06D0090F983 /* Sources */,
				3F34A8A82F2CA06D0090F983 /* Frameworks */,
				3F34A8A92F2CA06D0090F983 /* Resources */,
			);
			buildRules = (
			);
			dependencies = (
			);
			fileSystemSynchronizedGroups = (
				3F34A8B12F2CA06D0090F983 /* GymTrackProWidgets */,
			);
			name = GymTrackProWidgetsExtension;
			packageProductDependencies = (
			);
			productName = GymTrackProWidgetsExtension;
			productReference = 3F34A8AB2F2CA06D0090F983 /* GymTrackProWidgetsExtension.appex */;
			productType = "com.apple.product-type.app-extension";
		};
		3F34B5032F31F93E0090F983 /* GymTrackProWatch */ = {
			isa = PBXNativeTarget;
			buildConfigurationList = 3F34B5182F31F93F0090F983 /* Build configuration list for PBXNativeTarget "GymTrackProWatch" */;
			buildPhases = (
				3F34B51B2F31F9400090F983 /* Sources */,
				3F34B5022F31F93E0090F983 /* Resources */,
				3F34B5172F31F93F0090F983 /* Embed Watch Content */,
			);
			buildRules = (
			);
			dependencies = (
			);
			fileSystemSynchronizedGroups = (
				3F34B50D2F31F93E0090F983 /* GymTrackProWatch */,
			);
			name = GymTrackProWatch;
			packageProductDependencies = (
			);
			productName = GymTrackProWatch;
			productReference = 3F34B5042F31F93E0090F983 /* GymTrackProWatch.app */;
			productType = "com.apple.product-type.application";
		};
/* End PBXNativeTarget section */

/* Begin PBXProject section */
		3F34A67D2F292DE10090F983 /* Project object */ = {
			isa = PBXProject;
			attributes = {
				BuildIndependentTargetsInParallel = 1;
				LastSwiftUpdateCheck = 2620;
				LastUpgradeCheck = 2620;
				TargetAttributes = {
					3F34A6842F292DE10090F983 = {
						CreatedOnToolsVersion = 26.2;
					};
					3F34A8AA2F2CA06D0090F983 = {
						CreatedOnToolsVersion = 26.2;
					};
					3F34B5032F31F93E0090F983 = {
						CreatedOnToolsVersion = 26.2;
					};
				};
			};
			buildConfigurationList = 3F34A6802F292DE10090F983 /* Build configuration list for PBXProject "gymtrackpromax" */;
			developmentRegion = en;
			hasScannedForEncodings = 0;
			knownRegions = (
				en,
				Base,
			);
			mainGroup = 3F34A67C2F292DE10090F983;
			minimizedProjectReferenceProxies = 1;
			preferredProjectObjectVersion = 77;
			productRefGroup = 3F34A6862F292DE10090F983 /* Products */;
			projectDirPath = "";
			projectRoot = "";
			targets = (
				3F34A6842F292DE10090F983 /* gymtrackpromax */,
				3F34A8AA2F2CA06D0090F983 /* GymTrackProWidgetsExtension */,
				3F34B5032F31F93E0090F983 /* GymTrackProWatch */,
			);
		};
/* End PBXProject section */

/* Begin PBXResourcesBuildPhase section */
		3F34A6832F292DE10090F983 /* Resources */ = {
			isa = PBXResourcesBuildPhase;
			buildActionMask = 2147483647;
			files = (
			);
			runOnlyForDeploymentPostprocessing = 0;
		};
		3F34A8A92F2CA06D0090F983 /* Resources */ = {
			isa = PBXResourcesBuildPhase;
			buildActionMask = 2147483647;
			files = (
			);
			runOnlyForDeploymentPostprocessing = 0;
		};
		3F34B5022F31F93E0090F983 /* Resources */ = {
			isa = PBXResourcesBuildPhase;
			buildActionMask = 2147483647;
			files = (
			);
			runOnlyForDeploymentPostprocessing = 0;
		};
/* End PBXResourcesBuildPhase section */

/* Begin PBXSourcesBuildPhase section */
		3F34A6812F292DE10090F983 /* Sources */ = {
			isa = PBXSourcesBuildPhase;
			buildActionMask = 2147483647;
			files = (
				3F34B51E2F31F9430090F983 /* WatchMessageTypes.swift in Sources */,
				3F34B51F2F31F9440090F983 /* WorkoutSyncDTO.swift in Sources */,
			);
			runOnlyForDeploymentPostprocessing = 0;
		};
		3F34A8A72F2CA06D0090F983 /* Sources */ = {
			isa = PBXSourcesBuildPhase;
			buildActionMask = 2147483647;
			files = (
			);
			runOnlyForDeploymentPostprocessing = 0;
		};
		3F34B51B2F31F9400090F983 /* Sources */ = {
			isa = PBXSourcesBuildPhase;
			buildActionMask = 2147483647;
			files = (
				3F34B51C2F31F9410090F983 /* WatchMessageTypes.swift in Sources */,
				3F34B51D2F31F9420090F983 /* WorkoutSyncDTO.swift in Sources */,
			);
			runOnlyForDeploymentPostprocessing = 0;
		};
/* End PBXSourcesBuildPhase section */

/* Begin PBXTargetDependency section */
		3F34A8BC2F2CA06E0090F983 /* PBXTargetDependency */ = {
			isa = PBXTargetDependency;
			target = 3F34A8AA2F2CA06D0090F983 /* GymTrackProWidgetsExtension */;
			targetProxy = 3F34A8BB2F2CA06E0090F983 /* PBXContainerItemProxy */;
		};
/* End PBXTargetDependency section */

/* Begin XCBuildConfiguration section */
		3F34A68E2F292DE20090F983 /* Debug */ = {
			isa = XCBuildConfiguration;
			buildSettings = {
				ALWAYS_SEARCH_USER_PATHS = NO;
				ASSETCATALOG_COMPILER_GENERATE_SWIFT_ASSET_SYMBOL_EXTENSIONS = YES;
				CLANG_ANALYZER_NONNULL = YES;
				CLANG_ANALYZER_NUMBER_OBJECT_CONVERSION = YES_AGGRESSIVE;
				CLANG_CXX_LANGUAGE_STANDARD = "gnu++20";
				CLANG_ENABLE_MODULES = YES;
				CLANG_ENABLE_OBJC_ARC = YES;
				CLANG_ENABLE_OBJC_WEAK = YES;
				CLANG_WARN_BLOCK_CAPTURE_AUTORELEASING = YES;
				CLANG_WARN_BOOL_CONVERSION = YES;
				CLANG_WARN_COMMA = YES;
				CLANG_WARN_CONSTANT_CONVERSION = YES;
				CLANG_WARN_DEPRECATED_OBJC_IMPLEMENTATIONS = YES;
				CLANG_WARN_DIRECT_OBJC_ISA_USAGE = YES_ERROR;
				CLANG_WARN_DOCUMENTATION_COMMENTS = YES;
				CLANG_WARN_EMPTY_BODY = YES;
				CLANG_WARN_ENUM_CONVERSION = YES;
				CLANG_WARN_INFINITE_RECURSION = YES;
				CLANG_WARN_INT_CONVERSION = YES;
				CLANG_WARN_NON_LITERAL_NULL_CONVERSION = YES;
				CLANG_WARN_OBJC_IMPLICIT_RETAIN_SELF = YES;
				CLANG_WARN_OBJC_LITERAL_CONVERSION = YES;
				CLANG_WARN_OBJC_ROOT_CLASS = YES_ERROR;
				CLANG_WARN_QUOTED_INCLUDE_IN_FRAMEWORK_HEADER = YES;
				CLANG_WARN_RANGE_LOOP_ANALYSIS = YES;
				CLANG_WARN_STRICT_PROTOTYPES = YES;
				CLANG_WARN_SUSPICIOUS_MOVE = YES;
				CLANG_WARN_UNGUARDED_AVAILABILITY = YES_AGGRESSIVE;
				CLANG_WARN_UNREACHABLE_CODE = YES;
				CLANG_WARN__DUPLICATE_METHOD_MATCH = YES;
				COPY_PHASE_STRIP = NO;
				DEBUG_INFORMATION_FORMAT = dwarf;
				ENABLE_STRICT_OBJC_MSGSEND = YES;
				ENABLE_TESTABILITY = YES;
				ENABLE_USER_SCRIPT_SANDBOXING = YES;
				GCC_C_LANGUAGE_STANDARD = gnu17;
				GCC_DYNAMIC_NO_PIC = NO;
				GCC_NO_COMMON_BLOCKS = YES;
				GCC_OPTIMIZATION_LEVEL = 0;
				GCC_PREPROCESSOR_DEFINITIONS = (
					"DEBUG=1",
					"$(inherited)",
				);
				GCC_WARN_64_TO_32_BIT_CONVERSION = YES;
				GCC_WARN_ABOUT_RETURN_TYPE = YES_ERROR;
				GCC_WARN_UNDECLARED_SELECTOR = YES;
				GCC_WARN_UNINITIALIZED_AUTOS = YES_AGGRESSIVE;
				GCC_WARN_UNUSED_FUNCTION = YES;
				GCC_WARN_UNUSED_VARIABLE = YES;
				IPHONEOS_DEPLOYMENT_TARGET = 17.0;
				LOCALIZATION_PREFERS_STRING_CATALOGS = YES;
				MTL_ENABLE_DEBUG_INFO = INCLUDE_SOURCE;
				MTL_FAST_MATH = YES;
				ONLY_ACTIVE_ARCH = YES;
				SDKROOT = iphoneos;
				SWIFT_ACTIVE_COMPILATION_CONDITIONS = "DEBUG $(inherited)";
				SWIFT_OPTIMIZATION_LEVEL = "-Onone";
			};
			name = Debug;
		};
		3F34A68F2F292DE20090F983 /* Release */ = {
			isa = XCBuildConfiguration;
			buildSettings = {
				ALWAYS_SEARCH_USER_PATHS = NO;
				ASSETCATALOG_COMPILER_GENERATE_SWIFT_ASSET_SYMBOL_EXTENSIONS = YES;
				CLANG_ANALYZER_NONNULL = YES;
				CLANG_ANALYZER_NUMBER_OBJECT_CONVERSION = YES_AGGRESSIVE;
				CLANG_CXX_LANGUAGE_STANDARD = "gnu++20";
				CLANG_ENABLE_MODULES = YES;
				CLANG_ENABLE_OBJC_ARC = YES;
				CLANG_ENABLE_OBJC_WEAK = YES;
				CLANG_WARN_BLOCK_CAPTURE_AUTORELEASING = YES;
				CLANG_WARN_BOOL_CONVERSION = YES;
				CLANG_WARN_COMMA = YES;
				CLANG_WARN_CONSTANT_CONVERSION = YES;
				CLANG_WARN_DEPRECATED_OBJC_IMPLEMENTATIONS = YES;
				CLANG_WARN_DIRECT_OBJC_ISA_USAGE = YES_ERROR;
				CLANG_WARN_DOCUMENTATION_COMMENTS = YES;
				CLANG_WARN_EMPTY_BODY = YES;
				CLANG_WARN_ENUM_CONVERSION = YES;
				CLANG_WARN_INFINITE_RECURSION = YES;
				CLANG_WARN_INT_CONVERSION = YES;
				CLANG_WARN_NON_LITERAL_NULL_CONVERSION = YES;
				CLANG_WARN_OBJC_IMPLICIT_RETAIN_SELF = YES;
				CLANG_WARN_OBJC_LITERAL_CONVERSION = YES;
				CLANG_WARN_OBJC_ROOT_CLASS = YES_ERROR;
				CLANG_WARN_QUOTED_INCLUDE_IN_FRAMEWORK_HEADER = YES;
				CLANG_WARN_RANGE_LOOP_ANALYSIS = YES;
				CLANG_WARN_STRICT_PROTOTYPES = YES;
				CLANG_WARN_SUSPICIOUS_MOVE = YES;
				CLANG_WARN_UNGUARDED_AVAILABILITY = YES_AGGRESSIVE;
				CLANG_WARN_UNREACHABLE_CODE = YES;
				CLANG_WARN__DUPLICATE_METHOD_MATCH = YES;
				COPY_PHASE_STRIP = NO;
				DEBUG_INFORMATION_FORMAT = "dwarf-with-dsym";
				ENABLE_NS_ASSERTIONS = NO;
				ENABLE_STRICT_OBJC_MSGSEND = YES;
				ENABLE_USER_SCRIPT_SANDBOXING = YES;
				GCC_C_LANGUAGE_STANDARD = gnu17;
				GCC_NO_COMMON_BLOCKS = YES;
				GCC_WARN_64_TO_32_BIT_CONVERSION = YES;
				GCC_WARN_ABOUT_RETURN_TYPE = YES_ERROR;
				GCC_WARN_UNDECLARED_SELECTOR = YES;
				GCC_WARN_UNINITIALIZED_AUTOS = YES_AGGRESSIVE;
				GCC_WARN_UNUSED_FUNCTION = YES;
				GCC_WARN_UNUSED_VARIABLE = YES;
				IPHONEOS_DEPLOYMENT_TARGET = 17.0;
				LOCALIZATION_PREFERS_STRING_CATALOGS = YES;
				MTL_ENABLE_DEBUG_INFO = NO;
				MTL_FAST_MATH = YES;
				SDKROOT = iphoneos;
				SWIFT_COMPILATION_MODE = wholemodule;
				VALIDATE_PRODUCT = YES;
			};
			name = Release;
		};
		3F34A6912F292DE20090F983 /* Debug */ = {
			isa = XCBuildConfiguration;
			buildSettings = {
				ASSETCATALOG_COMPILER_APPICON_NAME = AppIcon;
				ASSETCATALOG_COMPILER_GLOBAL_ACCENT_COLOR_NAME = AccentColor;
				CODE_SIGN_ENTITLEMENTS = gymtrackpromax/gymtrackpromax.entitlements;
				CODE_SIGN_STYLE = Automatic;
				CURRENT_PROJECT_VERSION = 1;
				DEVELOPMENT_TEAM = ADCQHC4ATH;
				ENABLE_PREVIEWS = YES;
				GENERATE_INFOPLIST_FILE = YES;
				INFOPLIST_KEY_CFBundleDisplayName = "Gym Track Pro";
				INFOPLIST_KEY_NSHealthShareUsageDescription = "GymTrack Pro reads your body weight to track progress.";
				INFOPLIST_KEY_NSHealthUpdateUsageDescription = "GymTrack Pro saves workouts to Apple Health.";
				INFOPLIST_KEY_NSSupportsLiveActivities = YES;
				INFOPLIST_KEY_UIApplicationSceneManifest_Generation = YES;
				INFOPLIST_KEY_UIApplicationSupportsIndirectInputEvents = YES;
				INFOPLIST_KEY_UILaunchScreen_Generation = YES;
				INFOPLIST_KEY_UISupportedInterfaceOrientations_iPad = "UIInterfaceOrientationPortrait UIInterfaceOrientationPortraitUpsideDown UIInterfaceOrientationLandscapeLeft UIInterfaceOrientationLandscapeRight";
				INFOPLIST_KEY_UISupportedInterfaceOrientations_iPhone = "UIInterfaceOrientationPortrait UIInterfaceOrientationLandscapeLeft UIInterfaceOrientationLandscapeRight";
				LD_RUNPATH_SEARCH_PATHS = (
					"$(inherited)",
					"@executable_path/Frameworks",
				);
				MARKETING_VERSION = 1.0;
				PRODUCT_BUNDLE_IDENTIFIER = gymtrackpromax.gymtrackpromax;
				PRODUCT_NAME = "$(TARGET_NAME)";
				STRING_CATALOG_GENERATE_SYMBOLS = YES;
				SWIFT_APPROACHABLE_CONCURRENCY = YES;
				SWIFT_DEFAULT_ACTOR_ISOLATION = MainActor;
				SWIFT_EMIT_LOC_STRINGS = YES;
				SWIFT_UPCOMING_FEATURE_MEMBER_IMPORT_VISIBILITY = YES;
				SWIFT_VERSION = 5.0;
				TARGETED_DEVICE_FAMILY = "1,2";
			};
			name = Debug;
		};
		3F34A6922F292DE20090F983 /* Release */ = {
			isa = XCBuildConfiguration;
			buildSettings = {
				ASSETCATALOG_COMPILER_APPICON_NAME = AppIcon;
				ASSETCATALOG_COMPILER_GLOBAL_ACCENT_COLOR_NAME = AccentColor;
				CODE_SIGN_ENTITLEMENTS = gymtrackpromax/gymtrackpromax.entitlements;
				CODE_SIGN_STYLE = Automatic;
				CURRENT_PROJECT_VERSION = 1;
				DEVELOPMENT_TEAM = ADCQHC4ATH;
				ENABLE_PREVIEWS = YES;
				GENERATE_INFOPLIST_FILE = YES;
				INFOPLIST_KEY_CFBundleDisplayName = "Gym Track Pro";
				INFOPLIST_KEY_NSHealthShareUsageDescription = "GymTrack Pro reads your body weight to track progress.";
				INFOPLIST_KEY_NSHealthUpdateUsageDescription = "GymTrack Pro saves workouts to Apple Health.";
				INFOPLIST_KEY_NSSupportsLiveActivities = YES;
				INFOPLIST_KEY_UIApplicationSceneManifest_Generation = YES;
				INFOPLIST_KEY_UIApplicationSupportsIndirectInputEvents = YES;
				INFOPLIST_KEY_UILaunchScreen_Generation = YES;
				INFOPLIST_KEY_UISupportedInterfaceOrientations_iPad = "UIInterfaceOrientationPortrait UIInterfaceOrientationPortraitUpsideDown UIInterfaceOrientationLandscapeLeft UIInterfaceOrientationLandscapeRight";
				INFOPLIST_KEY_UISupportedInterfaceOrientations_iPhone = "UIInterfaceOrientationPortrait UIInterfaceOrientationLandscapeLeft UIInterfaceOrientationLandscapeRight";
				LD_RUNPATH_SEARCH_PATHS = (
					"$(inherited)",
					"@executable_path/Frameworks",
				);
				MARKETING_VERSION = 1.0;
				PRODUCT_BUNDLE_IDENTIFIER = gymtrackpromax.gymtrackpromax;
				PRODUCT_NAME = "$(TARGET_NAME)";
				STRING_CATALOG_GENERATE_SYMBOLS = YES;
				SWIFT_APPROACHABLE_CONCURRENCY = YES;
				SWIFT_DEFAULT_ACTOR_ISOLATION = MainActor;
				SWIFT_EMIT_LOC_STRINGS = YES;
				SWIFT_UPCOMING_FEATURE_MEMBER_IMPORT_VISIBILITY = YES;
				SWIFT_VERSION = 5.0;
				TARGETED_DEVICE_FAMILY = "1,2";
			};
			name = Release;
		};
		3F34A8BF2F2CA06E0090F983 /* Debug */ = {
			isa = XCBuildConfiguration;
			buildSettings = {
				ASSETCATALOG_COMPILER_GLOBAL_ACCENT_COLOR_NAME = AccentColor;
				ASSETCATALOG_COMPILER_WIDGET_BACKGROUND_COLOR_NAME = WidgetBackground;
				CODE_SIGN_ENTITLEMENTS = GymTrackProWidgetsExtension.entitlements;
				CODE_SIGN_STYLE = Automatic;
				CURRENT_PROJECT_VERSION = 1;
				DEVELOPMENT_TEAM = ADCQHC4ATH;
				GENERATE_INFOPLIST_FILE = YES;
				INFOPLIST_FILE = GymTrackProWidgets/Info.plist;
				INFOPLIST_KEY_CFBundleDisplayName = GymTrackProWidgets;
				INFOPLIST_KEY_NSHumanReadableCopyright = "";
				IPHONEOS_DEPLOYMENT_TARGET = 26.2;
				LD_RUNPATH_SEARCH_PATHS = (
					"$(inherited)",
					"@executable_path/Frameworks",
					"@executable_path/../../Frameworks",
				);
				MARKETING_VERSION = 1.0;
				PRODUCT_BUNDLE_IDENTIFIER = gymtrackpromax.gymtrackpromax.GymTrackProWidgets;
				PRODUCT_NAME = "$(TARGET_NAME)";
				SKIP_INSTALL = YES;
				STRING_CATALOG_GENERATE_SYMBOLS = YES;
				SWIFT_APPROACHABLE_CONCURRENCY = YES;
				SWIFT_EMIT_LOC_STRINGS = YES;
				SWIFT_UPCOMING_FEATURE_MEMBER_IMPORT_VISIBILITY = YES;
				SWIFT_VERSION = 5.0;
				TARGETED_DEVICE_FAMILY = "1,2";
			};
			name = Debug;
		};
		3F34A8C02F2CA06E0090F983 /* Release */ = {
			isa = XCBuildConfiguration;
			buildSettings = {
				ASSETCATALOG_COMPILER_GLOBAL_ACCENT_COLOR_NAME = AccentColor;
				ASSETCATALOG_COMPILER_WIDGET_BACKGROUND_COLOR_NAME = WidgetBackground;
				CODE_SIGN_ENTITLEMENTS = GymTrackProWidgetsExtension.entitlements;
				CODE_SIGN_STYLE = Automatic;
				CURRENT_PROJECT_VERSION = 1;
				DEVELOPMENT_TEAM = ADCQHC4ATH;
				GENERATE_INFOPLIST_FILE = YES;
				INFOPLIST_FILE = GymTrackProWidgets/Info.plist;
				INFOPLIST_KEY_CFBundleDisplayName = GymTrackProWidgets;
				INFOPLIST_KEY_NSHumanReadableCopyright = "";
				IPHONEOS_DEPLOYMENT_TARGET = 26.2;
				LD_RUNPATH_SEARCH_PATHS = (
					"$(inherited)",
					"@executable_path/Frameworks",
					"@executable_path/../../Frameworks",
				);
				MARKETING_VERSION = 1.0;
				PRODUCT_BUNDLE_IDENTIFIER = gymtrackpromax.gymtrackpromax.GymTrackProWidgets;
				PRODUCT_NAME = "$(TARGET_NAME)";
				SKIP_INSTALL = YES;
				STRING_CATALOG_GENERATE_SYMBOLS = YES;
				SWIFT_APPROACHABLE_CONCURRENCY = YES;
				SWIFT_EMIT_LOC_STRINGS = YES;
				SWIFT_UPCOMING_FEATURE_MEMBER_IMPORT_VISIBILITY = YES;
				SWIFT_VERSION = 5.0;
				TARGETED_DEVICE_FAMILY = "1,2";
			};
			name = Release;
		};
		3F34B5192F31F93F0090F983 /* Debug */ = {
			isa = XCBuildConfiguration;
			buildSettings = {
				ASSETCATALOG_COMPILER_APPICON_NAME = AppIcon;
				CODE_SIGN_ENTITLEMENTS = GymTrackProWatch/GymTrackProWatch.entitlements;
				CODE_SIGN_STYLE = Automatic;
				CURRENT_PROJECT_VERSION = 1;
				DEVELOPMENT_TEAM = ADCQHC4ATH;
				GENERATE_INFOPLIST_FILE = YES;
				INFOPLIST_KEY_CFBundleDisplayName = GymTrackProWatch;
				INFOPLIST_KEY_UISupportedInterfaceOrientations = "UIInterfaceOrientationPortrait UIInterfaceOrientationPortraitUpsideDown";
				INFOPLIST_KEY_WKCompanionAppBundleIdentifier = gymtrackpromax.gymtrackpromax;
				MARKETING_VERSION = 1.0;
				PRODUCT_BUNDLE_IDENTIFIER = gymtrackpromax.gymtrackpromax.watchkitapp;
				PRODUCT_NAME = "$(TARGET_NAME)";
				SDKROOT = watchos;
				SKIP_INSTALL = YES;
				SWIFT_APPROACHABLE_CONCURRENCY = YES;
				SWIFT_EMIT_LOC_STRINGS = YES;
				SWIFT_UPCOMING_FEATURE_MEMBER_IMPORT_VISIBILITY = YES;
				SWIFT_VERSION = 5.0;
				TARGETED_DEVICE_FAMILY = 4;
				WATCHOS_DEPLOYMENT_TARGET = 11.0;
			};
			name = Debug;
		};
		3F34B51A2F31F93F0090F983 /* Release */ = {
			isa = XCBuildConfiguration;
			buildSettings = {
				ASSETCATALOG_COMPILER_APPICON_NAME = AppIcon;
				CODE_SIGN_ENTITLEMENTS = GymTrackProWatch/GymTrackProWatch.entitlements;
				CODE_SIGN_STYLE = Automatic;
				CURRENT_PROJECT_VERSION = 1;
				DEVELOPMENT_TEAM = ADCQHC4ATH;
				GENERATE_INFOPLIST_FILE = YES;
				INFOPLIST_KEY_CFBundleDisplayName = GymTrackProWatch;
				INFOPLIST_KEY_UISupportedInterfaceOrientations = "UIInterfaceOrientationPortrait UIInterfaceOrientationPortraitUpsideDown";
				INFOPLIST_KEY_WKCompanionAppBundleIdentifier = gymtrackpromax.gymtrackpromax;
				MARKETING_VERSION = 1.0;
				PRODUCT_BUNDLE_IDENTIFIER = gymtrackpromax.gymtrackpromax.watchkitapp;
				PRODUCT_NAME = "$(TARGET_NAME)";
				SDKROOT = watchos;
				SKIP_INSTALL = YES;
				SWIFT_APPROACHABLE_CONCURRENCY = YES;
				SWIFT_EMIT_LOC_STRINGS = YES;
				SWIFT_UPCOMING_FEATURE_MEMBER_IMPORT_VISIBILITY = YES;
				SWIFT_VERSION = 5.0;
				TARGETED_DEVICE_FAMILY = 4;
				WATCHOS_DEPLOYMENT_TARGET = 11.0;
			};
			name = Release;
		};
/* End XCBuildConfiguration section */

/* Begin XCConfigurationList section */
		3F34A6802F292DE10090F983 /* Build configuration list for PBXProject "gymtrackpromax" */ = {
			isa = XCConfigurationList;
			buildConfigurations = (
				3F34A68E2F292DE20090F983 /* Debug */,
				3F34A68F2F292DE20090F983 /* Release */,
			);
			defaultConfigurationIsVisible = 0;
			defaultConfigurationName = Release;
		};
		3F34A6902F292DE20090F983 /* Build configuration list for PBXNativeTarget "gymtrackpromax" */ = {
			isa = XCConfigurationList;
			buildConfigurations = (
				3F34A6912F292DE20090F983 /* Debug */,
				3F34A6922F292DE20090F983 /* Release */,
			);
			defaultConfigurationIsVisible = 0;
			defaultConfigurationName = Release;
		};
		3F34A8C22F2CA06E0090F983 /* Build configuration list for PBXNativeTarget "GymTrackProWidgetsExtension" */ = {
			isa = XCConfigurationList;
			buildConfigurations = (
				3F34A8BF2F2CA06E0090F983 /* Debug */,
				3F34A8C02F2CA06E0090F983 /* Release */,
			);
			defaultConfigurationIsVisible = 0;
			defaultConfigurationName = Release;
		};
		3F34B5182F31F93F0090F983 /* Build configuration list for PBXNativeTarget "GymTrackProWatch" */ = {
			isa = XCConfigurationList;
			buildConfigurations = (
				3F34B5192F31F93F0090F983 /* Debug */,
				3F34B51A2F31F93F0090F983 /* Release */,
			);
			defaultConfigurationIsVisible = 0;
			defaultConfigurationName = Release;
		};
/* End XCConfigurationList section */
	};
	rootObject = 3F34A67D2F292DE10090F983 /* Project object */;
}
